// !$*UTF8*$!
{
	archiveVersion = 1;
	classes = {
	};
	objectVersion = 50;
	objects = {

/* Begin PBXBuildFile section */
		0D183A3823B3FF5F006954C0 /* MovieDetailCollectionViewCell.swift in Sources */ = {isa = PBXBuildFile; fileRef = 0D183A3723B3FF5F006954C0 /* MovieDetailCollectionViewCell.swift */; };
		0DCB751523B14DD0001843B0 /* MoviesCollectionViewCell.swift in Sources */ = {isa = PBXBuildFile; fileRef = 0DCB751323B14DD0001843B0 /* MoviesCollectionViewCell.swift */; };
		0DCB751823B152B7001843B0 /* HomeViewController.swift in Sources */ = {isa = PBXBuildFile; fileRef = 0DCB751723B152B7001843B0 /* HomeViewController.swift */; };
		0DCB751E23B17B61001843B0 /* MoviesTableViewCell.swift in Sources */ = {isa = PBXBuildFile; fileRef = 0DCB751D23B17B61001843B0 /* MoviesTableViewCell.swift */; };
		0DCB752023B1B52C001843B0 /* HomeViewControllerDelegate.swift in Sources */ = {isa = PBXBuildFile; fileRef = 0DCB751F23B1B52C001843B0 /* HomeViewControllerDelegate.swift */; };
		0DCB752323B29352001843B0 /* MovieDetailViewController.swift in Sources */ = {isa = PBXBuildFile; fileRef = 0DCB752223B29352001843B0 /* MovieDetailViewController.swift */; };
		0DE8002823B400DB006CB4CC /* MovieDetailViewControllerDelegate.swift in Sources */ = {isa = PBXBuildFile; fileRef = 0DE8002723B400DB006CB4CC /* MovieDetailViewControllerDelegate.swift */; };
		0DE8002A23B40A31006CB4CC /* MovieDetailCollectionView.swift in Sources */ = {isa = PBXBuildFile; fileRef = 0DE8002923B40A31006CB4CC /* MovieDetailCollectionView.swift */; };
		192DB19623B11C4D009CD6F5 /* AppDelegate.swift in Sources */ = {isa = PBXBuildFile; fileRef = 192DB19523B11C4D009CD6F5 /* AppDelegate.swift */; };
		192DB19823B11C4D009CD6F5 /* SceneDelegate.swift in Sources */ = {isa = PBXBuildFile; fileRef = 192DB19723B11C4D009CD6F5 /* SceneDelegate.swift */; };
		192DB19A23B11C4D009CD6F5 /* ViewController.swift in Sources */ = {isa = PBXBuildFile; fileRef = 192DB19923B11C4D009CD6F5 /* ViewController.swift */; };
		192DB19D23B11C4D009CD6F5 /* Main.storyboard in Resources */ = {isa = PBXBuildFile; fileRef = 192DB19B23B11C4D009CD6F5 /* Main.storyboard */; };
		192DB19F23B11C50009CD6F5 /* Assets.xcassets in Resources */ = {isa = PBXBuildFile; fileRef = 192DB19E23B11C50009CD6F5 /* Assets.xcassets */; };
		192DB1A223B11C50009CD6F5 /* LaunchScreen.storyboard in Resources */ = {isa = PBXBuildFile; fileRef = 192DB1A023B11C50009CD6F5 /* LaunchScreen.storyboard */; };
		192DB1AD23B11C50009CD6F5 /* movies_appTests.swift in Sources */ = {isa = PBXBuildFile; fileRef = 192DB1AC23B11C50009CD6F5 /* movies_appTests.swift */; };
		192DB1B823B11C50009CD6F5 /* movies_appUITests.swift in Sources */ = {isa = PBXBuildFile; fileRef = 192DB1B723B11C50009CD6F5 /* movies_appUITests.swift */; };
		192DB1C723B12461009CD6F5 /* Config.swift in Sources */ = {isa = PBXBuildFile; fileRef = 192DB1C623B12461009CD6F5 /* Config.swift */; };
		192DB1DA23B141E2009CD6F5 /* Home.storyboard in Resources */ = {isa = PBXBuildFile; fileRef = 192DB1D923B141E2009CD6F5 /* Home.storyboard */; };
		192DB1DC23B14302009CD6F5 /* Home.storyboard in Resources */ = {isa = PBXBuildFile; fileRef = 192DB1DB23B14302009CD6F5 /* Home.storyboard */; };
		192DB1DE23B14327009CD6F5 /* Categories.storyboard in Resources */ = {isa = PBXBuildFile; fileRef = 192DB1DD23B14327009CD6F5 /* Categories.storyboard */; };
		192DB1E023B14344009CD6F5 /* Profile.storyboard in Resources */ = {isa = PBXBuildFile; fileRef = 192DB1DF23B14344009CD6F5 /* Profile.storyboard */; };
		192DB1E823B14DE3009CD6F5 /* (null) in Frameworks */ = {isa = PBXBuildFile; };
		192DB1EA23B14DF3009CD6F5 /* (null) in Frameworks */ = {isa = PBXBuildFile; };
		192DB1EC23B14E05009CD6F5 /* (null) in Frameworks */ = {isa = PBXBuildFile; };
		192DB1EE23B14E12009CD6F5 /* (null) in Frameworks */ = {isa = PBXBuildFile; };
		19465CD923B50D41002A36B7 /* Movie.swift in Sources */ = {isa = PBXBuildFile; fileRef = 19465CD723B50D41002A36B7 /* Movie.swift */; };
		19465CDA23B50D41002A36B7 /* Result.swift in Sources */ = {isa = PBXBuildFile; fileRef = 19465CD823B50D41002A36B7 /* Result.swift */; };
		19465CDC23B50D61002A36B7 /* MovieStore.swift in Sources */ = {isa = PBXBuildFile; fileRef = 19465CDB23B50D61002A36B7 /* MovieStore.swift */; };
		19962D8D23B564EA00C77882 /* UpcomingMovies.swift in Sources */ = {isa = PBXBuildFile; fileRef = 19962D8C23B564EA00C77882 /* UpcomingMovies.swift */; };
		19962D8F23B564FC00C77882 /* PlayingNowMovies.swift in Sources */ = {isa = PBXBuildFile; fileRef = 19962D8E23B564FC00C77882 /* PlayingNowMovies.swift */; };
		19962D9123B5652200C77882 /* TopRatedMovies.swift in Sources */ = {isa = PBXBuildFile; fileRef = 19962D9023B5652200C77882 /* TopRatedMovies.swift */; };
		19D0B2BD23B505E700EDCF85 /* Realm.framework in Frameworks */ = {isa = PBXBuildFile; fileRef = 19D0B2BC23B505E700EDCF85 /* Realm.framework */; };
		19D0B2BF23B505F800EDCF85 /* Alamofire.framework in Frameworks */ = {isa = PBXBuildFile; fileRef = 19D0B2BE23B505F800EDCF85 /* Alamofire.framework */; };
		19D0B2C123B5064B00EDCF85 /* ObjectMapper.framework in Frameworks */ = {isa = PBXBuildFile; fileRef = 19D0B2C023B5064B00EDCF85 /* ObjectMapper.framework */; };
		19D0B2C323B5065900EDCF85 /* RealmSwift.framework in Frameworks */ = {isa = PBXBuildFile; fileRef = 19D0B2C223B5065900EDCF85 /* RealmSwift.framework */; };
		19D0B2C523B5066800EDCF85 /* Kingfisher.framework in Frameworks */ = {isa = PBXBuildFile; fileRef = 19D0B2C423B5066800EDCF85 /* Kingfisher.framework */; };
/* End PBXBuildFile section */

/* Begin PBXContainerItemProxy section */
		192DB1A923B11C50009CD6F5 /* PBXContainerItemProxy */ = {
			isa = PBXContainerItemProxy;
			containerPortal = 192DB18A23B11C4D009CD6F5 /* Project object */;
			proxyType = 1;
			remoteGlobalIDString = 192DB19123B11C4D009CD6F5;
			remoteInfo = "movies-app";
		};
		192DB1B423B11C50009CD6F5 /* PBXContainerItemProxy */ = {
			isa = PBXContainerItemProxy;
			containerPortal = 192DB18A23B11C4D009CD6F5 /* Project object */;
			proxyType = 1;
			remoteGlobalIDString = 192DB19123B11C4D009CD6F5;
			remoteInfo = "movies-app";
		};
/* End PBXContainerItemProxy section */

/* Begin PBXFileReference section */
		0D183A3723B3FF5F006954C0 /* MovieDetailCollectionViewCell.swift */ = {isa = PBXFileReference; lastKnownFileType = sourcecode.swift; path = MovieDetailCollectionViewCell.swift; sourceTree = "<group>"; };
		0DCB751323B14DD0001843B0 /* MoviesCollectionViewCell.swift */ = {isa = PBXFileReference; lastKnownFileType = sourcecode.swift; path = MoviesCollectionViewCell.swift; sourceTree = "<group>"; };
		0DCB751723B152B7001843B0 /* HomeViewController.swift */ = {isa = PBXFileReference; lastKnownFileType = sourcecode.swift; path = HomeViewController.swift; sourceTree = "<group>"; };
		0DCB751D23B17B61001843B0 /* MoviesTableViewCell.swift */ = {isa = PBXFileReference; lastKnownFileType = sourcecode.swift; path = MoviesTableViewCell.swift; sourceTree = "<group>"; };
		0DCB751F23B1B52C001843B0 /* HomeViewControllerDelegate.swift */ = {isa = PBXFileReference; lastKnownFileType = sourcecode.swift; path = HomeViewControllerDelegate.swift; sourceTree = "<group>"; };
		0DCB752223B29352001843B0 /* MovieDetailViewController.swift */ = {isa = PBXFileReference; lastKnownFileType = sourcecode.swift; path = MovieDetailViewController.swift; sourceTree = "<group>"; };
		0DE8002723B400DB006CB4CC /* MovieDetailViewControllerDelegate.swift */ = {isa = PBXFileReference; lastKnownFileType = sourcecode.swift; path = MovieDetailViewControllerDelegate.swift; sourceTree = "<group>"; };
		0DE8002923B40A31006CB4CC /* MovieDetailCollectionView.swift */ = {isa = PBXFileReference; lastKnownFileType = sourcecode.swift; path = MovieDetailCollectionView.swift; sourceTree = "<group>"; };
		192DB19223B11C4D009CD6F5 /* movies-app.app */ = {isa = PBXFileReference; explicitFileType = wrapper.application; includeInIndex = 0; path = "movies-app.app"; sourceTree = BUILT_PRODUCTS_DIR; };
		192DB19523B11C4D009CD6F5 /* AppDelegate.swift */ = {isa = PBXFileReference; lastKnownFileType = sourcecode.swift; path = AppDelegate.swift; sourceTree = "<group>"; };
		192DB19723B11C4D009CD6F5 /* SceneDelegate.swift */ = {isa = PBXFileReference; lastKnownFileType = sourcecode.swift; path = SceneDelegate.swift; sourceTree = "<group>"; };
		192DB19923B11C4D009CD6F5 /* ViewController.swift */ = {isa = PBXFileReference; lastKnownFileType = sourcecode.swift; path = ViewController.swift; sourceTree = "<group>"; };
		192DB19C23B11C4D009CD6F5 /* Base */ = {isa = PBXFileReference; lastKnownFileType = file.storyboard; name = Base; path = Base.lproj/Main.storyboard; sourceTree = "<group>"; };
		192DB19E23B11C50009CD6F5 /* Assets.xcassets */ = {isa = PBXFileReference; lastKnownFileType = folder.assetcatalog; path = Assets.xcassets; sourceTree = "<group>"; };
		192DB1A123B11C50009CD6F5 /* Base */ = {isa = PBXFileReference; lastKnownFileType = file.storyboard; name = Base; path = Base.lproj/LaunchScreen.storyboard; sourceTree = "<group>"; };
		192DB1A323B11C50009CD6F5 /* Info.plist */ = {isa = PBXFileReference; lastKnownFileType = text.plist.xml; path = Info.plist; sourceTree = "<group>"; };
		192DB1A823B11C50009CD6F5 /* movies-appTests.xctest */ = {isa = PBXFileReference; explicitFileType = wrapper.cfbundle; includeInIndex = 0; path = "movies-appTests.xctest"; sourceTree = BUILT_PRODUCTS_DIR; };
		192DB1AC23B11C50009CD6F5 /* movies_appTests.swift */ = {isa = PBXFileReference; lastKnownFileType = sourcecode.swift; path = movies_appTests.swift; sourceTree = "<group>"; };
		192DB1AE23B11C50009CD6F5 /* Info.plist */ = {isa = PBXFileReference; lastKnownFileType = text.plist.xml; path = Info.plist; sourceTree = "<group>"; };
		192DB1B323B11C50009CD6F5 /* movies-appUITests.xctest */ = {isa = PBXFileReference; explicitFileType = wrapper.cfbundle; includeInIndex = 0; path = "movies-appUITests.xctest"; sourceTree = BUILT_PRODUCTS_DIR; };
		192DB1B723B11C50009CD6F5 /* movies_appUITests.swift */ = {isa = PBXFileReference; lastKnownFileType = sourcecode.swift; path = movies_appUITests.swift; sourceTree = "<group>"; };
		192DB1B923B11C50009CD6F5 /* Info.plist */ = {isa = PBXFileReference; lastKnownFileType = text.plist.xml; path = Info.plist; sourceTree = "<group>"; };
		192DB1C623B12461009CD6F5 /* Config.swift */ = {isa = PBXFileReference; lastKnownFileType = sourcecode.swift; path = Config.swift; sourceTree = "<group>"; };
		192DB1D923B141E2009CD6F5 /* Home.storyboard */ = {isa = PBXFileReference; fileEncoding = 4; lastKnownFileType = file.storyboard; name = Home.storyboard; path = "movies-app/Application/Main/Home/Home.storyboard"; sourceTree = "<group>"; };
		192DB1DB23B14302009CD6F5 /* Home.storyboard */ = {isa = PBXFileReference; fileEncoding = 4; lastKnownFileType = file.storyboard; path = Home.storyboard; sourceTree = "<group>"; };
		192DB1DD23B14327009CD6F5 /* Categories.storyboard */ = {isa = PBXFileReference; fileEncoding = 4; lastKnownFileType = file.storyboard; path = Categories.storyboard; sourceTree = "<group>"; };
		192DB1DF23B14344009CD6F5 /* Profile.storyboard */ = {isa = PBXFileReference; fileEncoding = 4; lastKnownFileType = file.storyboard; path = Profile.storyboard; sourceTree = "<group>"; };
		19465CD723B50D41002A36B7 /* Movie.swift */ = {isa = PBXFileReference; fileEncoding = 4; lastKnownFileType = sourcecode.swift; path = Movie.swift; sourceTree = "<group>"; };
		19465CD823B50D41002A36B7 /* Result.swift */ = {isa = PBXFileReference; fileEncoding = 4; lastKnownFileType = sourcecode.swift; path = Result.swift; sourceTree = "<group>"; };
		19465CDB23B50D61002A36B7 /* MovieStore.swift */ = {isa = PBXFileReference; fileEncoding = 4; lastKnownFileType = sourcecode.swift; path = MovieStore.swift; sourceTree = "<group>"; };
		19962D8C23B564EA00C77882 /* UpcomingMovies.swift */ = {isa = PBXFileReference; lastKnownFileType = sourcecode.swift; path = UpcomingMovies.swift; sourceTree = "<group>"; };
		19962D8E23B564FC00C77882 /* PlayingNowMovies.swift */ = {isa = PBXFileReference; lastKnownFileType = sourcecode.swift; path = PlayingNowMovies.swift; sourceTree = "<group>"; };
		19962D9023B5652200C77882 /* TopRatedMovies.swift */ = {isa = PBXFileReference; lastKnownFileType = sourcecode.swift; path = TopRatedMovies.swift; sourceTree = "<group>"; };
		19D0B2BC23B505E700EDCF85 /* Realm.framework */ = {isa = PBXFileReference; lastKnownFileType = wrapper.framework; name = Realm.framework; path = Carthage/Build/iOS/Realm.framework; sourceTree = SOURCE_ROOT; };
		19D0B2BE23B505F800EDCF85 /* Alamofire.framework */ = {isa = PBXFileReference; lastKnownFileType = wrapper.framework; name = Alamofire.framework; path = Carthage/Build/iOS/Alamofire.framework; sourceTree = SOURCE_ROOT; };
		19D0B2C023B5064B00EDCF85 /* ObjectMapper.framework */ = {isa = PBXFileReference; lastKnownFileType = wrapper.framework; name = ObjectMapper.framework; path = Carthage/Build/iOS/ObjectMapper.framework; sourceTree = SOURCE_ROOT; };
		19D0B2C223B5065900EDCF85 /* RealmSwift.framework */ = {isa = PBXFileReference; lastKnownFileType = wrapper.framework; name = RealmSwift.framework; path = Carthage/Build/iOS/RealmSwift.framework; sourceTree = SOURCE_ROOT; };
		19D0B2C423B5066800EDCF85 /* Kingfisher.framework */ = {isa = PBXFileReference; lastKnownFileType = wrapper.framework; name = Kingfisher.framework; path = Carthage/Build/iOS/Kingfisher.framework; sourceTree = SOURCE_ROOT; };
/* End PBXFileReference section */

/* Begin PBXFrameworksBuildPhase section */
		192DB18F23B11C4D009CD6F5 /* Frameworks */ = {
			isa = PBXFrameworksBuildPhase;
			buildActionMask = 2147483647;
			files = (
				192DB1EA23B14DF3009CD6F5 /* (null) in Frameworks */,
				19D0B2BF23B505F800EDCF85 /* Alamofire.framework in Frameworks */,
				192DB1EC23B14E05009CD6F5 /* (null) in Frameworks */,
				192DB1E823B14DE3009CD6F5 /* (null) in Frameworks */,
				19D0B2C523B5066800EDCF85 /* Kingfisher.framework in Frameworks */,
				192DB1EE23B14E12009CD6F5 /* (null) in Frameworks */,
				19D0B2BD23B505E700EDCF85 /* Realm.framework in Frameworks */,
				19D0B2C323B5065900EDCF85 /* RealmSwift.framework in Frameworks */,
				19D0B2C123B5064B00EDCF85 /* ObjectMapper.framework in Frameworks */,
			);
			runOnlyForDeploymentPostprocessing = 0;
		};
		192DB1A523B11C50009CD6F5 /* Frameworks */ = {
			isa = PBXFrameworksBuildPhase;
			buildActionMask = 2147483647;
			files = (
			);
			runOnlyForDeploymentPostprocessing = 0;
		};
		192DB1B023B11C50009CD6F5 /* Frameworks */ = {
			isa = PBXFrameworksBuildPhase;
			buildActionMask = 2147483647;
			files = (
			);
			runOnlyForDeploymentPostprocessing = 0;
		};
/* End PBXFrameworksBuildPhase section */

/* Begin PBXGroup section */
		0D183A3423B3FF11006954C0 /* MovieDetailCollectionView */ = {
			isa = PBXGroup;
			children = (
				0DE8002923B40A31006CB4CC /* MovieDetailCollectionView.swift */,
				0D183A3723B3FF5F006954C0 /* MovieDetailCollectionViewCell.swift */,
			);
			path = MovieDetailCollectionView;
			sourceTree = "<group>";
		};
		0DCB751023B14B35001843B0 /* Framework */ = {
			isa = PBXGroup;
			children = (
				19D0B2C423B5066800EDCF85 /* Kingfisher.framework */,
				19D0B2C223B5065900EDCF85 /* RealmSwift.framework */,
				19D0B2C023B5064B00EDCF85 /* ObjectMapper.framework */,
				19D0B2BE23B505F800EDCF85 /* Alamofire.framework */,
				19D0B2BC23B505E700EDCF85 /* Realm.framework */,
			);
			path = Framework;
			sourceTree = "<group>";
		};
		0DCB751223B14D9B001843B0 /* MoviesCollectionView */ = {
			isa = PBXGroup;
			children = (
				0DCB751C23B17B39001843B0 /* MoviesTableViewCell */,
				0DCB751923B15449001843B0 /* MoviesCollectionViewCell */,
			);
			path = MoviesCollectionView;
			sourceTree = "<group>";
		};
		0DCB751923B15449001843B0 /* MoviesCollectionViewCell */ = {
			isa = PBXGroup;
			children = (
				0DCB751323B14DD0001843B0 /* MoviesCollectionViewCell.swift */,
			);
			path = MoviesCollectionViewCell;
			sourceTree = "<group>";
		};
		0DCB751C23B17B39001843B0 /* MoviesTableViewCell */ = {
			isa = PBXGroup;
			children = (
				0DCB751D23B17B61001843B0 /* MoviesTableViewCell.swift */,
			);
			path = MoviesTableViewCell;
			sourceTree = "<group>";
		};
		0DCB752123B26FA7001843B0 /* MovieDetail */ = {
			isa = PBXGroup;
			children = (
				0D183A3423B3FF11006954C0 /* MovieDetailCollectionView */,
				0DCB752223B29352001843B0 /* MovieDetailViewController.swift */,
				0DE8002723B400DB006CB4CC /* MovieDetailViewControllerDelegate.swift */,
			);
			path = MovieDetail;
			sourceTree = "<group>";
		};
		192DB18923B11C4D009CD6F5 = {
			isa = PBXGroup;
			children = (
				192DB1D923B141E2009CD6F5 /* Home.storyboard */,
				192DB19423B11C4D009CD6F5 /* movies-app */,
				192DB1AB23B11C50009CD6F5 /* movies-appTests */,
				192DB1B623B11C50009CD6F5 /* movies-appUITests */,
				192DB19323B11C4D009CD6F5 /* Products */,
			);
			sourceTree = "<group>";
		};
		192DB19323B11C4D009CD6F5 /* Products */ = {
			isa = PBXGroup;
			children = (
				192DB19223B11C4D009CD6F5 /* movies-app.app */,
				192DB1A823B11C50009CD6F5 /* movies-appTests.xctest */,
				192DB1B323B11C50009CD6F5 /* movies-appUITests.xctest */,
			);
			name = Products;
			sourceTree = "<group>";
		};
		192DB19423B11C4D009CD6F5 /* movies-app */ = {
			isa = PBXGroup;
			children = (
				0DCB751023B14B35001843B0 /* Framework */,
				192DB1CC23B12BA8009CD6F5 /* Resources */,
				192DB1C923B12B2F009CD6F5 /* Application */,
				192DB1C823B12B13009CD6F5 /* Base */,
				192DB1C523B12448009CD6F5 /* Utils */,
			);
			path = "movies-app";
			sourceTree = "<group>";
		};
		192DB1AB23B11C50009CD6F5 /* movies-appTests */ = {
			isa = PBXGroup;
			children = (
				192DB1AC23B11C50009CD6F5 /* movies_appTests.swift */,
				192DB1AE23B11C50009CD6F5 /* Info.plist */,
			);
			path = "movies-appTests";
			sourceTree = "<group>";
		};
		192DB1B623B11C50009CD6F5 /* movies-appUITests */ = {
			isa = PBXGroup;
			children = (
				192DB1B723B11C50009CD6F5 /* movies_appUITests.swift */,
				192DB1B923B11C50009CD6F5 /* Info.plist */,
			);
			path = "movies-appUITests";
			sourceTree = "<group>";
		};
		192DB1C523B12448009CD6F5 /* Utils */ = {
			isa = PBXGroup;
			children = (
				192DB1C623B12461009CD6F5 /* Config.swift */,
			);
			path = Utils;
			sourceTree = "<group>";
		};
		192DB1C823B12B13009CD6F5 /* Base */ = {
			isa = PBXGroup;
			children = (
				192DB19523B11C4D009CD6F5 /* AppDelegate.swift */,
				192DB1A323B11C50009CD6F5 /* Info.plist */,
				192DB1A023B11C50009CD6F5 /* LaunchScreen.storyboard */,
			);
			path = Base;
			sourceTree = "<group>";
		};
		192DB1C923B12B2F009CD6F5 /* Application */ = {
			isa = PBXGroup;
			children = (
				192DB1CB23B12B59009CD6F5 /* Authentication */,
				192DB1CA23B12B4D009CD6F5 /* Main */,
			);
			path = Application;
			sourceTree = "<group>";
		};
		192DB1CA23B12B4D009CD6F5 /* Main */ = {
			isa = PBXGroup;
			children = (
				192DB1E223B14BA7009CD6F5 /* Models */,
				192DB1E123B14B9F009CD6F5 /* Store */,
				192DB1D623B13A4F009CD6F5 /* Profile */,
				192DB1D123B13924009CD6F5 /* Categories */,
				192DB1D023B13914009CD6F5 /* Home */,
				192DB1CE23B12BE2009CD6F5 /* Main */,
				0DCB752123B26FA7001843B0 /* MovieDetail */,
			);
			path = Main;
			sourceTree = "<group>";
		};
		192DB1CB23B12B59009CD6F5 /* Authentication */ = {
			isa = PBXGroup;
			children = (
				192DB1CF23B134CD009CD6F5 /* Onboarding */,
			);
			path = Authentication;
			sourceTree = "<group>";
		};
		192DB1CC23B12BA8009CD6F5 /* Resources */ = {
			isa = PBXGroup;
			children = (
				192DB1CD23B12BAF009CD6F5 /* Images */,
			);
			path = Resources;
			sourceTree = "<group>";
		};
		192DB1CD23B12BAF009CD6F5 /* Images */ = {
			isa = PBXGroup;
			children = (
				192DB19E23B11C50009CD6F5 /* Assets.xcassets */,
			);
			path = Images;
			sourceTree = "<group>";
		};
		192DB1CE23B12BE2009CD6F5 /* Main */ = {
			isa = PBXGroup;
			children = (
				192DB19B23B11C4D009CD6F5 /* Main.storyboard */,
				192DB19923B11C4D009CD6F5 /* ViewController.swift */,
				192DB19723B11C4D009CD6F5 /* SceneDelegate.swift */,
			);
			path = Main;
			sourceTree = "<group>";
		};
		192DB1CF23B134CD009CD6F5 /* Onboarding */ = {
			isa = PBXGroup;
			children = (
			);
			path = Onboarding;
			sourceTree = "<group>";
		};
		192DB1D023B13914009CD6F5 /* Home */ = {
			isa = PBXGroup;
			children = (
				0DCB751223B14D9B001843B0 /* MoviesCollectionView */,
				192DB1DB23B14302009CD6F5 /* Home.storyboard */,
				0DCB751723B152B7001843B0 /* HomeViewController.swift */,
				0DCB751F23B1B52C001843B0 /* HomeViewControllerDelegate.swift */,
			);
			path = Home;
			sourceTree = "<group>";
		};
		192DB1D123B13924009CD6F5 /* Categories */ = {
			isa = PBXGroup;
			children = (
				192DB1DD23B14327009CD6F5 /* Categories.storyboard */,
			);
			path = Categories;
			sourceTree = "<group>";
		};
		192DB1D623B13A4F009CD6F5 /* Profile */ = {
			isa = PBXGroup;
			children = (
				192DB1DF23B14344009CD6F5 /* Profile.storyboard */,
			);
			path = Profile;
			sourceTree = "<group>";
		};
		192DB1E123B14B9F009CD6F5 /* Store */ = {
			isa = PBXGroup;
			children = (
				192DB1EF23B15214009CD6F5 /* MovieStore */,
			);
			path = Store;
			sourceTree = "<group>";
		};
		192DB1E223B14BA7009CD6F5 /* Models */ = {
			isa = PBXGroup;
			children = (
				19465CD723B50D41002A36B7 /* Movie.swift */,
				19465CD823B50D41002A36B7 /* Result.swift */,
				19962D8C23B564EA00C77882 /* UpcomingMovies.swift */,
				19962D8E23B564FC00C77882 /* PlayingNowMovies.swift */,
				19962D9023B5652200C77882 /* TopRatedMovies.swift */,
			);
			path = Models;
			sourceTree = "<group>";
		};
		192DB1EF23B15214009CD6F5 /* MovieStore */ = {
			isa = PBXGroup;
			children = (
				19465CDB23B50D61002A36B7 /* MovieStore.swift */,
			);
			path = MovieStore;
			sourceTree = "<group>";
		};
/* End PBXGroup section */

/* Begin PBXNativeTarget section */
		192DB19123B11C4D009CD6F5 /* movies-app */ = {
			isa = PBXNativeTarget;
			buildConfigurationList = 192DB1BC23B11C50009CD6F5 /* Build configuration list for PBXNativeTarget "movies-app" */;
			buildPhases = (
				192DB18E23B11C4D009CD6F5 /* Sources */,
				192DB18F23B11C4D009CD6F5 /* Frameworks */,
				192DB19023B11C4D009CD6F5 /* Resources */,
				0DCB751123B14B3F001843B0 /* ShellScript */,
			);
			buildRules = (
			);
			dependencies = (
			);
			name = "movies-app";
			productName = "movies-app";
			productReference = 192DB19223B11C4D009CD6F5 /* movies-app.app */;
			productType = "com.apple.product-type.application";
		};
		192DB1A723B11C50009CD6F5 /* movies-appTests */ = {
			isa = PBXNativeTarget;
			buildConfigurationList = 192DB1BF23B11C50009CD6F5 /* Build configuration list for PBXNativeTarget "movies-appTests" */;
			buildPhases = (
				192DB1A423B11C50009CD6F5 /* Sources */,
				192DB1A523B11C50009CD6F5 /* Frameworks */,
				192DB1A623B11C50009CD6F5 /* Resources */,
			);
			buildRules = (
			);
			dependencies = (
				192DB1AA23B11C50009CD6F5 /* PBXTargetDependency */,
			);
			name = "movies-appTests";
			productName = "movies-appTests";
			productReference = 192DB1A823B11C50009CD6F5 /* movies-appTests.xctest */;
			productType = "com.apple.product-type.bundle.unit-test";
		};
		192DB1B223B11C50009CD6F5 /* movies-appUITests */ = {
			isa = PBXNativeTarget;
			buildConfigurationList = 192DB1C223B11C50009CD6F5 /* Build configuration list for PBXNativeTarget "movies-appUITests" */;
			buildPhases = (
				192DB1AF23B11C50009CD6F5 /* Sources */,
				192DB1B023B11C50009CD6F5 /* Frameworks */,
				192DB1B123B11C50009CD6F5 /* Resources */,
			);
			buildRules = (
			);
			dependencies = (
				192DB1B523B11C50009CD6F5 /* PBXTargetDependency */,
			);
			name = "movies-appUITests";
			productName = "movies-appUITests";
			productReference = 192DB1B323B11C50009CD6F5 /* movies-appUITests.xctest */;
			productType = "com.apple.product-type.bundle.ui-testing";
		};
/* End PBXNativeTarget section */

/* Begin PBXProject section */
		192DB18A23B11C4D009CD6F5 /* Project object */ = {
			isa = PBXProject;
			attributes = {
				LastSwiftUpdateCheck = 1130;
				LastUpgradeCheck = 1130;
				ORGANIZATIONNAME = "Rafael Villarreal";
				TargetAttributes = {
					192DB19123B11C4D009CD6F5 = {
						CreatedOnToolsVersion = 11.3;
					};
					192DB1A723B11C50009CD6F5 = {
						CreatedOnToolsVersion = 11.3;
						TestTargetID = 192DB19123B11C4D009CD6F5;
					};
					192DB1B223B11C50009CD6F5 = {
						CreatedOnToolsVersion = 11.3;
						TestTargetID = 192DB19123B11C4D009CD6F5;
					};
				};
			};
			buildConfigurationList = 192DB18D23B11C4D009CD6F5 /* Build configuration list for PBXProject "movies-app" */;
			compatibilityVersion = "Xcode 9.3";
			developmentRegion = en;
			hasScannedForEncodings = 0;
			knownRegions = (
				en,
				Base,
			);
			mainGroup = 192DB18923B11C4D009CD6F5;
			productRefGroup = 192DB19323B11C4D009CD6F5 /* Products */;
			projectDirPath = "";
			projectRoot = "";
			targets = (
				192DB19123B11C4D009CD6F5 /* movies-app */,
				192DB1A723B11C50009CD6F5 /* movies-appTests */,
				192DB1B223B11C50009CD6F5 /* movies-appUITests */,
			);
		};
/* End PBXProject section */

/* Begin PBXResourcesBuildPhase section */
		192DB19023B11C4D009CD6F5 /* Resources */ = {
			isa = PBXResourcesBuildPhase;
			buildActionMask = 2147483647;
			files = (
				192DB1A223B11C50009CD6F5 /* LaunchScreen.storyboard in Resources */,
				192DB1DC23B14302009CD6F5 /* Home.storyboard in Resources */,
				192DB19F23B11C50009CD6F5 /* Assets.xcassets in Resources */,
				192DB19D23B11C4D009CD6F5 /* Main.storyboard in Resources */,
				192DB1DE23B14327009CD6F5 /* Categories.storyboard in Resources */,
				192DB1E023B14344009CD6F5 /* Profile.storyboard in Resources */,
				192DB1DA23B141E2009CD6F5 /* Home.storyboard in Resources */,
			);
			runOnlyForDeploymentPostprocessing = 0;
		};
		192DB1A623B11C50009CD6F5 /* Resources */ = {
			isa = PBXResourcesBuildPhase;
			buildActionMask = 2147483647;
			files = (
			);
			runOnlyForDeploymentPostprocessing = 0;
		};
		192DB1B123B11C50009CD6F5 /* Resources */ = {
			isa = PBXResourcesBuildPhase;
			buildActionMask = 2147483647;
			files = (
			);
			runOnlyForDeploymentPostprocessing = 0;
		};
/* End PBXResourcesBuildPhase section */

/* Begin PBXShellScriptBuildPhase section */
		0DCB751123B14B3F001843B0 /* ShellScript */ = {
			isa = PBXShellScriptBuildPhase;
			buildActionMask = 2147483647;
			files = (
			);
			inputFileListPaths = (
			);
			inputPaths = (
			);
			outputFileListPaths = (
			);
			outputPaths = (
			);
			runOnlyForDeploymentPostprocessing = 0;
			shellPath = /bin/sh;
			shellScript = "# Type a script or drag a script file from your workspace to insert its path.\n";
		};
/* End PBXShellScriptBuildPhase section */

/* Begin PBXSourcesBuildPhase section */
		192DB18E23B11C4D009CD6F5 /* Sources */ = {
			isa = PBXSourcesBuildPhase;
			buildActionMask = 2147483647;
			files = (
				0DCB751523B14DD0001843B0 /* MoviesCollectionViewCell.swift in Sources */,
				192DB19A23B11C4D009CD6F5 /* ViewController.swift in Sources */,
				0D183A3823B3FF5F006954C0 /* MovieDetailCollectionViewCell.swift in Sources */,
				192DB1C723B12461009CD6F5 /* Config.swift in Sources */,
				19962D8F23B564FC00C77882 /* PlayingNowMovies.swift in Sources */,
				19465CDC23B50D61002A36B7 /* MovieStore.swift in Sources */,
				19465CDA23B50D41002A36B7 /* Result.swift in Sources */,
				19962D8D23B564EA00C77882 /* UpcomingMovies.swift in Sources */,
				19962D9123B5652200C77882 /* TopRatedMovies.swift in Sources */,
				0DE8002823B400DB006CB4CC /* MovieDetailViewControllerDelegate.swift in Sources */,
				192DB19623B11C4D009CD6F5 /* AppDelegate.swift in Sources */,
				0DCB752023B1B52C001843B0 /* HomeViewControllerDelegate.swift in Sources */,
				0DE8002A23B40A31006CB4CC /* MovieDetailCollectionView.swift in Sources */,
				19465CD923B50D41002A36B7 /* Movie.swift in Sources */,
				192DB19823B11C4D009CD6F5 /* SceneDelegate.swift in Sources */,
				0DCB751E23B17B61001843B0 /* MoviesTableViewCell.swift in Sources */,
				0DCB752323B29352001843B0 /* MovieDetailViewController.swift in Sources */,
				0DCB751823B152B7001843B0 /* HomeViewController.swift in Sources */,
			);
			runOnlyForDeploymentPostprocessing = 0;
		};
		192DB1A423B11C50009CD6F5 /* Sources */ = {
			isa = PBXSourcesBuildPhase;
			buildActionMask = 2147483647;
			files = (
				192DB1AD23B11C50009CD6F5 /* movies_appTests.swift in Sources */,
			);
			runOnlyForDeploymentPostprocessing = 0;
		};
		192DB1AF23B11C50009CD6F5 /* Sources */ = {
			isa = PBXSourcesBuildPhase;
			buildActionMask = 2147483647;
			files = (
				192DB1B823B11C50009CD6F5 /* movies_appUITests.swift in Sources */,
			);
			runOnlyForDeploymentPostprocessing = 0;
		};
/* End PBXSourcesBuildPhase section */

/* Begin PBXTargetDependency section */
		192DB1AA23B11C50009CD6F5 /* PBXTargetDependency */ = {
			isa = PBXTargetDependency;
			target = 192DB19123B11C4D009CD6F5 /* movies-app */;
			targetProxy = 192DB1A923B11C50009CD6F5 /* PBXContainerItemProxy */;
		};
		192DB1B523B11C50009CD6F5 /* PBXTargetDependency */ = {
			isa = PBXTargetDependency;
			target = 192DB19123B11C4D009CD6F5 /* movies-app */;
			targetProxy = 192DB1B423B11C50009CD6F5 /* PBXContainerItemProxy */;
		};
/* End PBXTargetDependency section */

/* Begin PBXVariantGroup section */
		192DB19B23B11C4D009CD6F5 /* Main.storyboard */ = {
			isa = PBXVariantGroup;
			children = (
				192DB19C23B11C4D009CD6F5 /* Base */,
			);
			name = Main.storyboard;
			sourceTree = "<group>";
		};
		192DB1A023B11C50009CD6F5 /* LaunchScreen.storyboard */ = {
			isa = PBXVariantGroup;
			children = (
				192DB1A123B11C50009CD6F5 /* Base */,
			);
			name = LaunchScreen.storyboard;
			sourceTree = "<group>";
		};
/* End PBXVariantGroup section */

/* Begin XCBuildConfiguration section */
		192DB1BA23B11C50009CD6F5 /* Debug */ = {
			isa = XCBuildConfiguration;
			buildSettings = {
				ALWAYS_SEARCH_USER_PATHS = NO;
				CLANG_ANALYZER_NONNULL = YES;
				CLANG_ANALYZER_NUMBER_OBJECT_CONVERSION = YES_AGGRESSIVE;
				CLANG_CXX_LANGUAGE_STANDARD = "gnu++14";
				CLANG_CXX_LIBRARY = "libc++";
				CLANG_ENABLE_MODULES = YES;
				CLANG_ENABLE_OBJC_ARC = YES;
				CLANG_ENABLE_OBJC_WEAK = YES;
				CLANG_WARN_BLOCK_CAPTURE_AUTORELEASING = YES;
				CLANG_WARN_BOOL_CONVERSION = YES;
				CLANG_WARN_COMMA = YES;
				CLANG_WARN_CONSTANT_CONVERSION = YES;
				CLANG_WARN_DEPRECATED_OBJC_IMPLEMENTATIONS = YES;
				CLANG_WARN_DIRECT_OBJC_ISA_USAGE = YES_ERROR;
				CLANG_WARN_DOCUMENTATION_COMMENTS = YES;
				CLANG_WARN_EMPTY_BODY = YES;
				CLANG_WARN_ENUM_CONVERSION = YES;
				CLANG_WARN_INFINITE_RECURSION = YES;
				CLANG_WARN_INT_CONVERSION = YES;
				CLANG_WARN_NON_LITERAL_NULL_CONVERSION = YES;
				CLANG_WARN_OBJC_IMPLICIT_RETAIN_SELF = YES;
				CLANG_WARN_OBJC_LITERAL_CONVERSION = YES;
				CLANG_WARN_OBJC_ROOT_CLASS = YES_ERROR;
				CLANG_WARN_RANGE_LOOP_ANALYSIS = YES;
				CLANG_WARN_STRICT_PROTOTYPES = YES;
				CLANG_WARN_SUSPICIOUS_MOVE = YES;
				CLANG_WARN_UNGUARDED_AVAILABILITY = YES_AGGRESSIVE;
				CLANG_WARN_UNREACHABLE_CODE = YES;
				CLANG_WARN__DUPLICATE_METHOD_MATCH = YES;
				COPY_PHASE_STRIP = NO;
				DEBUG_INFORMATION_FORMAT = dwarf;
				ENABLE_STRICT_OBJC_MSGSEND = YES;
				ENABLE_TESTABILITY = YES;
				GCC_C_LANGUAGE_STANDARD = gnu11;
				GCC_DYNAMIC_NO_PIC = NO;
				GCC_NO_COMMON_BLOCKS = YES;
				GCC_OPTIMIZATION_LEVEL = 0;
				GCC_PREPROCESSOR_DEFINITIONS = (
					"DEBUG=1",
					"$(inherited)",
				);
				GCC_WARN_64_TO_32_BIT_CONVERSION = YES;
				GCC_WARN_ABOUT_RETURN_TYPE = YES_ERROR;
				GCC_WARN_UNDECLARED_SELECTOR = YES;
				GCC_WARN_UNINITIALIZED_AUTOS = YES_AGGRESSIVE;
				GCC_WARN_UNUSED_FUNCTION = YES;
				GCC_WARN_UNUSED_VARIABLE = YES;
				IPHONEOS_DEPLOYMENT_TARGET = 13.2;
				MTL_ENABLE_DEBUG_INFO = INCLUDE_SOURCE;
				MTL_FAST_MATH = YES;
				ONLY_ACTIVE_ARCH = YES;
				SDKROOT = iphoneos;
				SWIFT_ACTIVE_COMPILATION_CONDITIONS = DEBUG;
				SWIFT_OPTIMIZATION_LEVEL = "-Onone";
			};
			name = Debug;
		};
		192DB1BB23B11C50009CD6F5 /* Release */ = {
			isa = XCBuildConfiguration;
			buildSettings = {
				ALWAYS_SEARCH_USER_PATHS = NO;
				CLANG_ANALYZER_NONNULL = YES;
				CLANG_ANALYZER_NUMBER_OBJECT_CONVERSION = YES_AGGRESSIVE;
				CLANG_CXX_LANGUAGE_STANDARD = "gnu++14";
				CLANG_CXX_LIBRARY = "libc++";
				CLANG_ENABLE_MODULES = YES;
				CLANG_ENABLE_OBJC_ARC = YES;
				CLANG_ENABLE_OBJC_WEAK = YES;
				CLANG_WARN_BLOCK_CAPTURE_AUTORELEASING = YES;
				CLANG_WARN_BOOL_CONVERSION = YES;
				CLANG_WARN_COMMA = YES;
				CLANG_WARN_CONSTANT_CONVERSION = YES;
				CLANG_WARN_DEPRECATED_OBJC_IMPLEMENTATIONS = YES;
				CLANG_WARN_DIRECT_OBJC_ISA_USAGE = YES_ERROR;
				CLANG_WARN_DOCUMENTATION_COMMENTS = YES;
				CLANG_WARN_EMPTY_BODY = YES;
				CLANG_WARN_ENUM_CONVERSION = YES;
				CLANG_WARN_INFINITE_RECURSION = YES;
				CLANG_WARN_INT_CONVERSION = YES;
				CLANG_WARN_NON_LITERAL_NULL_CONVERSION = YES;
				CLANG_WARN_OBJC_IMPLICIT_RETAIN_SELF = YES;
				CLANG_WARN_OBJC_LITERAL_CONVERSION = YES;
				CLANG_WARN_OBJC_ROOT_CLASS = YES_ERROR;
				CLANG_WARN_RANGE_LOOP_ANALYSIS = YES;
				CLANG_WARN_STRICT_PROTOTYPES = YES;
				CLANG_WARN_SUSPICIOUS_MOVE = YES;
				CLANG_WARN_UNGUARDED_AVAILABILITY = YES_AGGRESSIVE;
				CLANG_WARN_UNREACHABLE_CODE = YES;
				CLANG_WARN__DUPLICATE_METHOD_MATCH = YES;
				COPY_PHASE_STRIP = NO;
				DEBUG_INFORMATION_FORMAT = "dwarf-with-dsym";
				ENABLE_NS_ASSERTIONS = NO;
				ENABLE_STRICT_OBJC_MSGSEND = YES;
				GCC_C_LANGUAGE_STANDARD = gnu11;
				GCC_NO_COMMON_BLOCKS = YES;
				GCC_WARN_64_TO_32_BIT_CONVERSION = YES;
				GCC_WARN_ABOUT_RETURN_TYPE = YES_ERROR;
				GCC_WARN_UNDECLARED_SELECTOR = YES;
				GCC_WARN_UNINITIALIZED_AUTOS = YES_AGGRESSIVE;
				GCC_WARN_UNUSED_FUNCTION = YES;
				GCC_WARN_UNUSED_VARIABLE = YES;
				IPHONEOS_DEPLOYMENT_TARGET = 13.2;
				MTL_ENABLE_DEBUG_INFO = NO;
				MTL_FAST_MATH = YES;
				SDKROOT = iphoneos;
				SWIFT_COMPILATION_MODE = wholemodule;
				SWIFT_OPTIMIZATION_LEVEL = "-O";
				VALIDATE_PRODUCT = YES;
			};
			name = Release;
		};
		192DB1BD23B11C50009CD6F5 /* Debug */ = {
			isa = XCBuildConfiguration;
			buildSettings = {
				ASSETCATALOG_COMPILER_APPICON_NAME = AppIcon;
				CODE_SIGN_STYLE = Automatic;
				DEVELOPMENT_TEAM = QT54HG2RDT;
				FRAMEWORK_SEARCH_PATHS = (
					"$(inherited)",
					"$(PROJECT_DIR)/Carthage/Build/iOS",
				);
				INFOPLIST_FILE = "movies-app/Base/Info.plist";
				LD_RUNPATH_SEARCH_PATHS = (
					"$(inherited)",
					"@executable_path/Frameworks",
				);
				PRODUCT_BUNDLE_IDENTIFIER = "com.ios-bootcamp.movies-app";
				PRODUCT_NAME = "$(TARGET_NAME)";
				SWIFT_VERSION = 5.0;
				TARGETED_DEVICE_FAMILY = "1,2";
			};
			name = Debug;
		};
		192DB1BE23B11C50009CD6F5 /* Release */ = {
			isa = XCBuildConfiguration;
			buildSettings = {
				ASSETCATALOG_COMPILER_APPICON_NAME = AppIcon;
				CODE_SIGN_STYLE = Automatic;
				DEVELOPMENT_TEAM = QT54HG2RDT;
				FRAMEWORK_SEARCH_PATHS = (
					"$(inherited)",
					"$(PROJECT_DIR)/Carthage/Build/iOS",
				);
				INFOPLIST_FILE = "movies-app/Base/Info.plist";
				LD_RUNPATH_SEARCH_PATHS = (
					"$(inherited)",
					"@executable_path/Frameworks",
				);
				PRODUCT_BUNDLE_IDENTIFIER = "com.ios-bootcamp.movies-app";
				PRODUCT_NAME = "$(TARGET_NAME)";
				SWIFT_VERSION = 5.0;
				TARGETED_DEVICE_FAMILY = "1,2";
			};
			name = Release;
		};
		192DB1C023B11C50009CD6F5 /* Debug */ = {
			isa = XCBuildConfiguration;
			buildSettings = {
				ALWAYS_EMBED_SWIFT_STANDARD_LIBRARIES = YES;
				BUNDLE_LOADER = "$(TEST_HOST)";
				CODE_SIGN_STYLE = Automatic;
				DEVELOPMENT_TEAM = QT54HG2RDT;
				INFOPLIST_FILE = "movies-appTests/Info.plist";
				IPHONEOS_DEPLOYMENT_TARGET = 13.2;
				LD_RUNPATH_SEARCH_PATHS = (
					"$(inherited)",
					"@executable_path/Frameworks",
					"@loader_path/Frameworks",
				);
				PRODUCT_BUNDLE_IDENTIFIER = "com.ios-bootcamp.movies-appTests";
				PRODUCT_NAME = "$(TARGET_NAME)";
				SWIFT_VERSION = 5.0;
				TARGETED_DEVICE_FAMILY = "1,2";
				TEST_HOST = "$(BUILT_PRODUCTS_DIR)/movies-app.app/movies-app";
			};
			name = Debug;
		};
		192DB1C123B11C50009CD6F5 /* Release */ = {
			isa = XCBuildConfiguration;
			buildSettings = {
				ALWAYS_EMBED_SWIFT_STANDARD_LIBRARIES = YES;
				BUNDLE_LOADER = "$(TEST_HOST)";
				CODE_SIGN_STYLE = Automatic;
				DEVELOPMENT_TEAM = QT54HG2RDT;
				INFOPLIST_FILE = "movies-appTests/Info.plist";
				IPHONEOS_DEPLOYMENT_TARGET = 13.2;
				LD_RUNPATH_SEARCH_PATHS = (
					"$(inherited)",
					"@executable_path/Frameworks",
					"@loader_path/Frameworks",
				);
				PRODUCT_BUNDLE_IDENTIFIER = "com.ios-bootcamp.movies-appTests";
				PRODUCT_NAME = "$(TARGET_NAME)";
				SWIFT_VERSION = 5.0;
				TARGETED_DEVICE_FAMILY = "1,2";
				TEST_HOST = "$(BUILT_PRODUCTS_DIR)/movies-app.app/movies-app";
			};
			name = Release;
		};
		192DB1C323B11C50009CD6F5 /* Debug */ = {
			isa = XCBuildConfiguration;
			buildSettings = {
				ALWAYS_EMBED_SWIFT_STANDARD_LIBRARIES = YES;
				CODE_SIGN_STYLE = Automatic;
				DEVELOPMENT_TEAM = QT54HG2RDT;
				INFOPLIST_FILE = "movies-appUITests/Info.plist";
				LD_RUNPATH_SEARCH_PATHS = (
					"$(inherited)",
					"@executable_path/Frameworks",
					"@loader_path/Frameworks",
				);
				PRODUCT_BUNDLE_IDENTIFIER = "com.ios-bootcamp.movies-appUITests";
				PRODUCT_NAME = "$(TARGET_NAME)";
				SWIFT_VERSION = 5.0;
				TARGETED_DEVICE_FAMILY = "1,2";
				TEST_TARGET_NAME = "movies-app";
			};
			name = Debug;
		};
		192DB1C423B11C50009CD6F5 /* Release */ = {
			isa = XCBuildConfiguration;
			buildSettings = {
				ALWAYS_EMBED_SWIFT_STANDARD_LIBRARIES = YES;
				CODE_SIGN_STYLE = Automatic;
				DEVELOPMENT_TEAM = QT54HG2RDT;
				INFOPLIST_FILE = "movies-appUITests/Info.plist";
				LD_RUNPATH_SEARCH_PATHS = (
					"$(inherited)",
					"@executable_path/Frameworks",
					"@loader_path/Frameworks",
				);
				PRODUCT_BUNDLE_IDENTIFIER = "com.ios-bootcamp.movies-appUITests";
				PRODUCT_NAME = "$(TARGET_NAME)";
				SWIFT_VERSION = 5.0;
				TARGETED_DEVICE_FAMILY = "1,2";
				TEST_TARGET_NAME = "movies-app";
			};
			name = Release;
		};
/* End XCBuildConfiguration section */

/* Begin XCConfigurationList section */
		192DB18D23B11C4D009CD6F5 /* Build configuration list for PBXProject "movies-app" */ = {
			isa = XCConfigurationList;
			buildConfigurations = (
				192DB1BA23B11C50009CD6F5 /* Debug */,
				192DB1BB23B11C50009CD6F5 /* Release */,
			);
			defaultConfigurationIsVisible = 0;
			defaultConfigurationName = Release;
		};
		192DB1BC23B11C50009CD6F5 /* Build configuration list for PBXNativeTarget "movies-app" */ = {
			isa = XCConfigurationList;
			buildConfigurations = (
				192DB1BD23B11C50009CD6F5 /* Debug */,
				192DB1BE23B11C50009CD6F5 /* Release */,
			);
			defaultConfigurationIsVisible = 0;
			defaultConfigurationName = Release;
		};
		192DB1BF23B11C50009CD6F5 /* Build configuration list for PBXNativeTarget "movies-appTests" */ = {
			isa = XCConfigurationList;
			buildConfigurations = (
				192DB1C023B11C50009CD6F5 /* Debug */,
				192DB1C123B11C50009CD6F5 /* Release */,
			);
			defaultConfigurationIsVisible = 0;
			defaultConfigurationName = Release;
		};
		192DB1C223B11C50009CD6F5 /* Build configuration list for PBXNativeTarget "movies-appUITests" */ = {
			isa = XCConfigurationList;
			buildConfigurations = (
				192DB1C323B11C50009CD6F5 /* Debug */,
				192DB1C423B11C50009CD6F5 /* Release */,
			);
			defaultConfigurationIsVisible = 0;
			defaultConfigurationName = Release;
		};
/* End XCConfigurationList section */
	};
	rootObject = 192DB18A23B11C4D009CD6F5 /* Project object */;
}
